
Microsoft Visual Studio Solution File, Format Version 12.00
# Visual Studio Version 16
VisualStudioVersion = 16.0.28516.95
MinimumVisualStudioVersion = 10.0.40219.1
Project("{FAE04EC0-301F-11D3-BF4B-00C04F79EFBC}") = "ToyRobot.Behavior", "ToyRobot.Behavior\ToyRobot.Behavior.csproj", "{405F1C23-6F95-431F-87CC-EF2C593BFFE0}"
EndProject
Project("{FAE04EC0-301F-11D3-BF4B-00C04F79EFBC}") = "ToyRobot.Checker", "ToyRobot.Checker\ToyRobot.Checker.csproj", "{08916B0D-05A2-4596-87CF-08CC12487536}"
EndProject
Project("{FAE04EC0-301F-11D3-BF4B-00C04F79EFBC}") = "ToyRoboot.Behavior.Test", "ToyRoboot.Behavior.Test\ToyRoboot.Behavior.Test.csproj", "{4667C153-FD91-40D2-B6A2-1C7F2343B76C}"
EndProject
Project("{FAE04EC0-301F-11D3-BF4B-00C04F79EFBC}") = "ToyRobot.Table", "ToyRobot.TableSurface\ToyRobot.Table.csproj", "{3973B324-6498-4E89-88E0-2DD90BAD2155}"
EndProject
Project("{FAE04EC0-301F-11D3-BF4B-00C04F79EFBC}") = "Console.Robot", "Console.Robot\Console.Robot.csproj", "{2C18CC84-F64F-4299-9FD9-BBBAEF6205AA}"
EndProject
Global
	GlobalSection(SolutionConfigurationPlatforms) = preSolution
		Debug|Any CPU = Debug|Any CPU
		Release|Any CPU = Release|Any CPU
	EndGlobalSection
	GlobalSection(ProjectConfigurationPlatforms) = postSolution
		{405F1C23-6F95-431F-87CC-EF2C593BFFE0}.Debug|Any CPU.ActiveCfg = Debug|Any CPU
		{405F1C23-6F95-431F-87CC-EF2C593BFFE0}.Debug|Any CPU.Build.0 = Debug|Any CPU
		{405F1C23-6F95-431F-87CC-EF2C593BFFE0}.Release|Any CPU.ActiveCfg = Release|Any CPU
		{405F1C23-6F95-431F-87CC-EF2C593BFFE0}.Release|Any CPU.Build.0 = Release|Any CPU
		{08916B0D-05A2-4596-87CF-08CC12487536}.Debug|Any CPU.ActiveCfg = Debug|Any CPU
		{08916B0D-05A2-4596-87CF-08CC12487536}.Debug|Any CPU.Build.0 = Debug|Any CPU
		{08916B0D-05A2-4596-87CF-08CC12487536}.Release|Any CPU.ActiveCfg = Release|Any CPU
		{08916B0D-05A2-4596-87CF-08CC12487536}.Release|Any CPU.Build.0 = Release|Any CPU
		{4667C153-FD91-40D2-B6A2-1C7F2343B76C}.Debug|Any CPU.ActiveCfg = Debug|Any CPU
		{4667C153-FD91-40D2-B6A2-1C7F2343B76C}.Debug|Any CPU.Build.0 = Debug|Any CPU
		{4667C153-FD91-40D2-B6A2-1C7F2343B76C}.Release|Any CPU.ActiveCfg = Release|Any CPU
		{4667C153-FD91-40D2-B6A2-1C7F2343B76C}.Release|Any CPU.Build.0 = Release|Any CPU
		{3973B324-6498-4E89-88E0-2DD90BAD2155}.Debug|Any CPU.ActiveCfg = Debug|Any CPU
		{3973B324-6498-4E89-88E0-2DD90BAD2155}.Debug|Any CPU.Build.0 = Debug|Any CPU
		{3973B324-6498-4E89-88E0-2DD90BAD2155}.Release|Any CPU.ActiveCfg = Release|Any CPU
		{3973B324-6498-4E89-88E0-2DD90BAD2155}.Release|Any CPU.Build.0 = Release|Any CPU
		{2C18CC84-F64F-4299-9FD9-BBBAEF6205AA}.Debug|Any CPU.ActiveCfg = Debug|Any CPU
		{2C18CC84-F64F-4299-9FD9-BBBAEF6205AA}.Debug|Any CPU.Build.0 = Debug|Any CPU
		{2C18CC84-F64F-4299-9FD9-BBBAEF6205AA}.Release|Any CPU.ActiveCfg = Release|Any CPU
		{2C18CC84-F64F-4299-9FD9-BBBAEF6205AA}.Release|Any CPU.Build.0 = Release|Any CPU
	EndGlobalSection
	GlobalSection(SolutionProperties) = preSolution
		HideSolutionNode = FALSE
	EndGlobalSection
	GlobalSection(ExtensibilityGlobals) = postSolution
		SolutionGuid = {45065FFE-79D8-454C-836C-586149A16BF2}
	EndGlobalSection
EndGlobal
